
Microsoft Visual Studio Solution File, Format Version 12.00
# Visual Studio 15
VisualStudioVersion = 15.0.28010.2048
MinimumVisualStudioVersion = 10.0.40219.1
Project("{FAE04EC0-301F-11D3-BF4B-00C04F79EFBC}") = "GitHubReleaseNotes", "GitHubReleaseNotes\GitHubReleaseNotes.csproj", "{5EB6FF70-E04E-4F5B-B442-A5E14F72AA28}"
EndProject
Project("{2150E333-8FDC-42A3-9474-1A3956D46DE8}") = "src", "src", "{EF77BB40-C919-4644-81A3-968854FB9B23}"
EndProject
Project("{2150E333-8FDC-42A3-9474-1A3956D46DE8}") = "Solution Items", "Solution Items", "{A9E332DE-6598-41D3-B4FA-A4C5E1523BFA}"
	ProjectSection(SolutionItems) = preProject
		..\README.md = ..\README.md
	EndProjectSection
EndProject
Project("{2150E333-8FDC-42A3-9474-1A3956D46DE8}") = "examples", "examples", "{5B560300-4B76-4FFF-8B7B-D0F52972A2F5}"
	ProjectSection(SolutionItems) = preProject
		..\examples\WireMock-Net.md = ..\examples\WireMock-Net.md
	EndProjectSection
EndProject
Global
	GlobalSection(SolutionConfigurationPlatforms) = preSolution
		Debug|Any CPU = Debug|Any CPU
		Release|Any CPU = Release|Any CPU
	EndGlobalSection
	GlobalSection(ProjectConfigurationPlatforms) = postSolution
		{5EB6FF70-E04E-4F5B-B442-A5E14F72AA28}.Debug|Any CPU.ActiveCfg = Debug|Any CPU
		{5EB6FF70-E04E-4F5B-B442-A5E14F72AA28}.Debug|Any CPU.Build.0 = Debug|Any CPU
		{5EB6FF70-E04E-4F5B-B442-A5E14F72AA28}.Release|Any CPU.ActiveCfg = Release|Any CPU
		{5EB6FF70-E04E-4F5B-B442-A5E14F72AA28}.Release|Any CPU.Build.0 = Release|Any CPU
	EndGlobalSection
	GlobalSection(SolutionProperties) = preSolution
		HideSolutionNode = FALSE
	EndGlobalSection
	GlobalSection(NestedProjects) = preSolution
		{5EB6FF70-E04E-4F5B-B442-A5E14F72AA28} = {EF77BB40-C919-4644-81A3-968854FB9B23}
	EndGlobalSection
	GlobalSection(ExtensibilityGlobals) = postSolution
		SolutionGuid = {6A791AAB-CF55-4174-A6B7-C2AC7E7DECB2}
	EndGlobalSection
EndGlobal
