
Microsoft Visual Studio Solution File, Format Version 12.00
# Visual Studio Version 16
VisualStudioVersion = 16.0.29613.14
MinimumVisualStudioVersion = 10.0.40219.1
Project("{9A19103F-16F7-4668-BE54-9A1E7A4F7556}") = "GitHubReleaseNotes", "GitHubReleaseNotes\GitHubReleaseNotes.csproj", "{B6269AAC-170A-43D0-8B9B-579DED3D9A00}"
EndProject
Project("{2150E333-8FDC-42A3-9474-1A3956D46DE8}") = "src", "src", "{EF77BB40-C919-4644-81A3-968854FB9B23}"
EndProject
Project("{2150E333-8FDC-42A3-9474-1A3956D46DE8}") = "Solution Items", "Solution Items", "{A9E332DE-6598-41D3-B4FA-A4C5E1523BFA}"
	ProjectSection(SolutionItems) = preProject
		..\Directory.Build.props = ..\Directory.Build.props
		..\README.md = ..\README.md
		..\ReleaseNotes.md = ..\ReleaseNotes.md
		..\ReleaseNotes.txt = ..\ReleaseNotes.txt
	EndProjectSection
EndProject
Project("{2150E333-8FDC-42A3-9474-1A3956D46DE8}") = "examples", "examples", "{5B560300-4B76-4FFF-8B7B-D0F52972A2F5}"
	ProjectSection(SolutionItems) = preProject
		..\examples\RestEase-Client-Generator.md = ..\examples\RestEase-Client-Generator.md
		..\examples\System.Linq.Dynamic.Core.md = ..\examples\System.Linq.Dynamic.Core.md
		..\examples\System.Linq.Dynamic.Core.txt = ..\examples\System.Linq.Dynamic.Core.txt
		..\examples\WireMock.Net.md = ..\examples\WireMock.Net.md
		..\examples\WireMock.Net.txt = ..\examples\WireMock.Net.txt
	EndProjectSection
EndProject
Project("{9A19103F-16F7-4668-BE54-9A1E7A4F7556}") = "GitHubReleaseNotes.Logic", "GitHubReleaseNotes.Logic\GitHubReleaseNotes.Logic.csproj", "{B6269AAC-170A-43D0-8B9B-579DED3D9A99}"
EndProject
Project("{2150E333-8FDC-42A3-9474-1A3956D46DE8}") = "Chocolatey", "Chocolatey", "{13B407F6-F183-4D36-8218-497AF9C05280}"
	ProjectSection(SolutionItems) = preProject
		..\Chocolatey\GitHubReleaseNotes\generate.linq = ..\Chocolatey\GitHubReleaseNotes\generate.linq
		..\Chocolatey\GitHubReleaseNotes\GitHubReleaseNotes.nuspec = ..\Chocolatey\GitHubReleaseNotes\GitHubReleaseNotes.nuspec
		..\Chocolatey\GitHubReleaseNotes\HowTo.md = ..\Chocolatey\GitHubReleaseNotes\HowTo.md
		..\Chocolatey\GitHubReleaseNotes\ReadMe.md = ..\Chocolatey\GitHubReleaseNotes\ReadMe.md
	EndProjectSection
EndProject
Project("{2150E333-8FDC-42A3-9474-1A3956D46DE8}") = "Tools", "Tools", "{EC3EE34B-AC6A-4051-90D8-BECA56E110CE}"
	ProjectSection(SolutionItems) = preProject
		..\Chocolatey\GitHubReleaseNotes\tools\chocolateyinstall.ps1 = ..\Chocolatey\GitHubReleaseNotes\tools\chocolateyinstall.ps1
		..\Chocolatey\GitHubReleaseNotes\tools\chocolateyuninstall.ps1 = ..\Chocolatey\GitHubReleaseNotes\tools\chocolateyuninstall.ps1
		..\Chocolatey\GitHubReleaseNotes\tools\LICENSE.txt = ..\Chocolatey\GitHubReleaseNotes\tools\LICENSE.txt
		..\Chocolatey\GitHubReleaseNotes\tools\VERIFICATION.txt = ..\Chocolatey\GitHubReleaseNotes\tools\VERIFICATION.txt
	EndProjectSection
EndProject
Project("{2150E333-8FDC-42A3-9474-1A3956D46DE8}") = "Wix and winget-pkgs", "Wix and winget-pkgs", "{1D8E407B-B13C-4377-8D6E-76521411105D}"
EndProject
Project("{930C7802-8A8C-48F9-8165-68863BCCD9DD}") = "Setup", "..\Wix\Setup\Setup.wixproj", "{9456D153-CBDD-470B-9BFF-17C145ED9C24}"
EndProject
Global
	GlobalSection(SolutionConfigurationPlatforms) = preSolution
		Debug|Any CPU = Debug|Any CPU
		Debug|x86 = Debug|x86
		Release|Any CPU = Release|Any CPU
		Release|x86 = Release|x86
	EndGlobalSection
	GlobalSection(ProjectConfigurationPlatforms) = postSolution
		{B6269AAC-170A-43D0-8B9B-579DED3D9A00}.Debug|Any CPU.ActiveCfg = Debug|Any CPU
		{B6269AAC-170A-43D0-8B9B-579DED3D9A00}.Debug|Any CPU.Build.0 = Debug|Any CPU
		{B6269AAC-170A-43D0-8B9B-579DED3D9A00}.Debug|x86.ActiveCfg = Debug|Any CPU
		{B6269AAC-170A-43D0-8B9B-579DED3D9A00}.Debug|x86.Build.0 = Debug|Any CPU
		{B6269AAC-170A-43D0-8B9B-579DED3D9A00}.Release|Any CPU.ActiveCfg = Release|Any CPU
		{B6269AAC-170A-43D0-8B9B-579DED3D9A00}.Release|Any CPU.Build.0 = Release|Any CPU
		{B6269AAC-170A-43D0-8B9B-579DED3D9A00}.Release|x86.ActiveCfg = Release|Any CPU
		{B6269AAC-170A-43D0-8B9B-579DED3D9A00}.Release|x86.Build.0 = Release|Any CPU
		{B6269AAC-170A-43D0-8B9B-579DED3D9A99}.Debug|Any CPU.ActiveCfg = Debug|Any CPU
		{B6269AAC-170A-43D0-8B9B-579DED3D9A99}.Debug|Any CPU.Build.0 = Debug|Any CPU
		{B6269AAC-170A-43D0-8B9B-579DED3D9A99}.Debug|x86.ActiveCfg = Debug|Any CPU
		{B6269AAC-170A-43D0-8B9B-579DED3D9A99}.Debug|x86.Build.0 = Debug|Any CPU
		{B6269AAC-170A-43D0-8B9B-579DED3D9A99}.Release|Any CPU.ActiveCfg = Release|Any CPU
		{B6269AAC-170A-43D0-8B9B-579DED3D9A99}.Release|Any CPU.Build.0 = Release|Any CPU
		{B6269AAC-170A-43D0-8B9B-579DED3D9A99}.Release|x86.ActiveCfg = Release|Any CPU
		{B6269AAC-170A-43D0-8B9B-579DED3D9A99}.Release|x86.Build.0 = Release|Any CPU
		{9456D153-CBDD-470B-9BFF-17C145ED9C24}.Debug|Any CPU.ActiveCfg = Debug|x86
		{9456D153-CBDD-470B-9BFF-17C145ED9C24}.Debug|x86.ActiveCfg = Debug|x86
		{9456D153-CBDD-470B-9BFF-17C145ED9C24}.Debug|x86.Build.0 = Debug|x86
		{9456D153-CBDD-470B-9BFF-17C145ED9C24}.Release|Any CPU.ActiveCfg = Release|x86
		{9456D153-CBDD-470B-9BFF-17C145ED9C24}.Release|x86.ActiveCfg = Release|x86
		{9456D153-CBDD-470B-9BFF-17C145ED9C24}.Release|x86.Build.0 = Release|x86
	EndGlobalSection
	GlobalSection(SolutionProperties) = preSolution
		HideSolutionNode = FALSE
	EndGlobalSection
	GlobalSection(NestedProjects) = preSolution
		{B6269AAC-170A-43D0-8B9B-579DED3D9A00} = {EF77BB40-C919-4644-81A3-968854FB9B23}
		{B6269AAC-170A-43D0-8B9B-579DED3D9A99} = {EF77BB40-C919-4644-81A3-968854FB9B23}
		{EC3EE34B-AC6A-4051-90D8-BECA56E110CE} = {13B407F6-F183-4D36-8218-497AF9C05280}
		{9456D153-CBDD-470B-9BFF-17C145ED9C24} = {1D8E407B-B13C-4377-8D6E-76521411105D}
	EndGlobalSection
	GlobalSection(ExtensibilityGlobals) = postSolution
		SolutionGuid = {6A791AAB-CF55-4174-A6B7-C2AC7E7DECB2}
	EndGlobalSection
EndGlobal
